
Microsoft Visual Studio Solution File, Format Version 12.00
# Visual Studio 15
VisualStudioVersion = 15.0.27004.2005
MinimumVisualStudioVersion = 10.0.40219.1
Project("{FAE04EC0-301F-11D3-BF4B-00C04F79EFBC}") = "src", "src.csproj", "{967F7C8B-86B5-4278-914A-25E780C998FB}"
EndProject
Global
	GlobalSection(SolutionConfigurationPlatforms) = preSolution
		Debug|Any CPU = Debug|Any CPU
		Release|Any CPU = Release|Any CPU
	EndGlobalSection
	GlobalSection(ProjectConfigurationPlatforms) = postSolution
		{967F7C8B-86B5-4278-914A-25E780C998FB}.Debug|Any CPU.ActiveCfg = Debug|Any CPU
		{967F7C8B-86B5-4278-914A-25E780C998FB}.Debug|Any CPU.Build.0 = Debug|Any CPU
		{967F7C8B-86B5-4278-914A-25E780C998FB}.Release|Any CPU.ActiveCfg = Release|Any CPU
		{967F7C8B-86B5-4278-914A-25E780C998FB}.Release|Any CPU.Build.0 = Release|Any CPU
	EndGlobalSection
	GlobalSection(SolutionProperties) = preSolution
		HideSolutionNode = FALSE
	EndGlobalSection
	GlobalSection(ExtensibilityGlobals) = postSolution
		SolutionGuid = {C159FD61-09FF-4CDC-A6F5-3D0D5BA387F9}
	EndGlobalSection
EndGlobal
